<?xml version="1.0" encoding="utf-8"?>
<Project ToolsVersion="4.0" xmlns="http://schemas.microsoft.com/developer/msbuild/2003">
  <ItemGroup>
    <Filter Include="win32">
      <UniqueIdentifier>{84a8ebd7-7cf0-47f6-b75e-d441df67da40}</UniqueIdentifier>
    </Filter>
    <Filter Include="Classes">
      <UniqueIdentifier>{bb6c862e-70e9-49d9-81b7-3829a6f50471}</UniqueIdentifier>
    </Filter>
    <Filter Include="Classes\libs">
      <UniqueIdentifier>{deb8d010-b431-414a-9950-3769bd11d1a7}</UniqueIdentifier>
    </Filter>
    <Filter Include="Classes\libs\JsonBox">
      <UniqueIdentifier>{6940fc52-7355-4a4d-8a85-d157336aa714}</UniqueIdentifier>
    </Filter>
  </ItemGroup>
  <ItemGroup>
    <ClCompile Include="main.cpp">
      <Filter>win32</Filter>
    </ClCompile>
    <ClCompile Include="..\Classes\AppDelegate.cpp">
      <Filter>Classes</Filter>
    </ClCompile>
    <ClCompile Include="..\Classes\OzgCCScrollBgNode.cpp">
      <Filter>Classes</Filter>
    </ClCompile>
    <ClCompile Include="..\Classes\OzgCCUtility.cpp">
      <Filter>Classes</Filter>
    </ClCompile>
    <ClCompile Include="..\Classes\OzgFileUtility.cpp">
      <Filter>Classes</Filter>
    </ClCompile>
    <ClCompile Include="..\Classes\OzgJoystickLayer.cpp">
      <Filter>Classes</Filter>
    </ClCompile>
    <ClCompile Include="..\Classes\RPGBaseSceneLayer.cpp">
      <Filter>Classes</Filter>
    </ClCompile>
    <ClCompile Include="..\Classes\RPGBattleMenu.cpp">
      <Filter>Classes</Filter>
    </ClCompile>
    <ClCompile Include="..\Classes\RPGBattleMonsterSprite.cpp">
      <Filter>Classes</Filter>
    </ClCompile>
    <ClCompile Include="..\Classes\RPGBattlePlayerSprite.cpp">
      <Filter>Classes</Filter>
    </ClCompile>
    <ClCompile Include="..\Classes\RPGBattleSceneLayer.cpp">
      <Filter>Classes</Filter>
    </ClCompile>
    <ClCompile Include="..\Classes\RPGComputingResults.cpp">
      <Filter>Classes</Filter>
    </ClCompile>
    <ClCompile Include="..\Classes\RPGData.cpp">
      <Filter>Classes</Filter>
    </ClCompile>
    <ClCompile Include="..\Classes\RPGDialogLayer.cpp">
      <Filter>Classes</Filter>
    </ClCompile>
    <ClCompile Include="..\Classes\RPGLoadingSceneLayer.cpp">
      <Filter>Classes</Filter>
    </ClCompile>
    <ClCompile Include="..\Classes\RPGMapChoicePlayerMenuLayer.cpp">
      <Filter>Classes</Filter>
    </ClCompile>
    <ClCompile Include="..\Classes\RPGMapDialogLayer.cpp">
      <Filter>Classes</Filter>
    </ClCompile>
    <ClCompile Include="..\Classes\RPGMapEquipMenuLayer.cpp">
      <Filter>Classes</Filter>
    </ClCompile>
    <ClCompile Include="..\Classes\RPGMapItemsMenuLayer.cpp">
      <Filter>Classes</Filter>
    </ClCompile>
    <ClCompile Include="..\Classes\RPGMapMenuLayer.cpp">
      <Filter>Classes</Filter>
    </ClCompile>
    <ClCompile Include="..\Classes\RPGMapNPCRoleSprite.cpp">
      <Filter>Classes</Filter>
    </ClCompile>
    <ClCompile Include="..\Classes\RPGMapRoleSprite.cpp">
      <Filter>Classes</Filter>
    </ClCompile>
    <ClCompile Include="..\Classes\RPGMapSceneLayer.cpp">
      <Filter>Classes</Filter>
    </ClCompile>
    <ClCompile Include="..\Classes\RPGMapSkillMenuLayer.cpp">
      <Filter>Classes</Filter>
    </ClCompile>
    <ClCompile Include="..\Classes\RPGMapStatusMenuLayer.cpp">
      <Filter>Classes</Filter>
    </ClCompile>
    <ClCompile Include="..\Classes\RPGResultsLogic.cpp">
      <Filter>Classes</Filter>
    </ClCompile>
    <ClCompile Include="..\Classes\RPGStartSceneLayer.cpp">
      <Filter>Classes</Filter>
    </ClCompile>
    <ClCompile Include="..\libs\JsonBox\src\Array.cpp">
      <Filter>Classes\libs\JsonBox</Filter>
    </ClCompile>
    <ClCompile Include="..\libs\JsonBox\src\Convert.cpp">
      <Filter>Classes\libs\JsonBox</Filter>
    </ClCompile>
    <ClCompile Include="..\libs\JsonBox\src\Escaper.cpp">
      <Filter>Classes\libs\JsonBox</Filter>
    </ClCompile>
    <ClCompile Include="..\libs\JsonBox\src\IndentCanceller.cpp">
      <Filter>Classes\libs\JsonBox</Filter>
    </ClCompile>
    <ClCompile Include="..\libs\JsonBox\src\Indenter.cpp">
      <Filter>Classes\libs\JsonBox</Filter>
    </ClCompile>
    <ClCompile Include="..\libs\JsonBox\src\Object.cpp">
      <Filter>Classes\libs\JsonBox</Filter>
    </ClCompile>
    <ClCompile Include="..\libs\JsonBox\src\SolidusEscaper.cpp">
      <Filter>Classes\libs\JsonBox</Filter>
    </ClCompile>
    <ClCompile Include="..\libs\JsonBox\src\Value.cpp">
      <Filter>Classes\libs\JsonBox</Filter>
    </ClCompile>
    <ClCompile Include="..\libs\CppSQLite3.cpp">
      <Filter>Classes\libs</Filter>
    </ClCompile>
    <ClCompile Include="..\libs\sqlite3.c">
      <Filter>Classes\libs</Filter>
    </ClCompile>
  </ItemGroup>
  <ItemGroup>
    <ClInclude Include="main.h">
      <Filter>win32</Filter>
    </ClInclude>
    <ClInclude Include="..\Classes\AppDelegate.h">
      <Filter>Classes</Filter>
    </ClInclude>
    <ClInclude Include="..\Classes\GameCfg.h">
      <Filter>Classes</Filter>
    </ClInclude>
    <ClInclude Include="..\Classes\OzgCCScrollBgNode.h">
      <Filter>Classes</Filter>
    </ClInclude>
    <ClInclude Include="..\Classes\OzgCCUtility.h">
      <Filter>Classes</Filter>
    </ClInclude>
    <ClInclude Include="..\Classes\OzgFileUtility.h">
      <Filter>Classes</Filter>
    </ClInclude>
    <ClInclude Include="..\Classes\OzgJoystickLayer.h">
      <Filter>Classes</Filter>
    </ClInclude>
    <ClInclude Include="..\Classes\RPGBaseSceneLayer.h">
      <Filter>Classes</Filter>
    </ClInclude>
    <ClInclude Include="..\Classes\RPGBattleMenu.h">
      <Filter>Classes</Filter>
    </ClInclude>
    <ClInclude Include="..\Classes\RPGBattleMonsterSprite.h">
      <Filter>Classes</Filter>
    </ClInclude>
    <ClInclude Include="..\Classes\RPGBattlePlayerSprite.h">
      <Filter>Classes</Filter>
    </ClInclude>
    <ClInclude Include="..\Classes\RPGBattleSceneLayer.h">
      <Filter>Classes</Filter>
    </ClInclude>
    <ClInclude Include="..\Classes\RPGComputingResults.h">
      <Filter>Classes</Filter>
    </ClInclude>
    <ClInclude Include="..\Classes\RPGData.h">
      <Filter>Classes</Filter>
    </ClInclude>
    <ClInclude Include="..\Classes\RPGDialogLayer.h">
      <Filter>Classes</Filter>
    </ClInclude>
    <ClInclude Include="..\Classes\RPGLoadingSceneLayer.h">
      <Filter>Classes</Filter>
    </ClInclude>
    <ClInclude Include="..\Classes\RPGMapChoicePlayerMenuLayer.h">
      <Filter>Classes</Filter>
    </ClInclude>
    <ClInclude Include="..\Classes\RPGMapDialogLayer.h">
      <Filter>Classes</Filter>
    </ClInclude>
    <ClInclude Include="..\Classes\RPGMapEquipMenuLayer.h">
      <Filter>Classes</Filter>
    </ClInclude>
    <ClInclude Include="..\Classes\RPGMapItemsMenuLayer.h">
      <Filter>Classes</Filter>
    </ClInclude>
    <ClInclude Include="..\Classes\RPGMapMenuLayer.h">
      <Filter>Classes</Filter>
    </ClInclude>
    <ClInclude Include="..\Classes\RPGMapNPCRoleSprite.h">
      <Filter>Classes</Filter>
    </ClInclude>
    <ClInclude Include="..\Classes\RPGMapRoleSprite.h">
      <Filter>Classes</Filter>
    </ClInclude>
    <ClInclude Include="..\Classes\RPGMapSceneLayer.h">
      <Filter>Classes</Filter>
    </ClInclude>
    <ClInclude Include="..\Classes\RPGMapSkillMenuLayer.h">
      <Filter>Classes</Filter>
    </ClInclude>
    <ClInclude Include="..\Classes\RPGMapStatusMenuLayer.h">
      <Filter>Classes</Filter>
    </ClInclude>
    <ClInclude Include="..\Classes\RPGResultsLogic.h">
      <Filter>Classes</Filter>
    </ClInclude>
    <ClInclude Include="..\Classes\RPGStartSceneLayer.h">
      <Filter>Classes</Filter>
    </ClInclude>
  </ItemGroup>
</Project>